
Microsoft Visual Studio Solution File, Format Version 12.00
# Visual Studio Version 17
VisualStudioVersion = 17.0.31903.59
MinimumVisualStudioVersion = 10.0.40219.1
Project("{2150E333-8FDC-42A3-9474-1A3956D46DE8}") = "src", "src", "{4A1E7961-A7B7-4F8E-8C5E-2E3D6F1A8F9D}"
EndProject
Project("{2150E333-8FDC-42A3-9474-1A3956D46DE8}") = "tests", "tests", "{4B1E7961-A7B7-4F8E-8C5E-2E3D6F1A8F9E}"
EndProject
Project("{9A19103F-16F7-4668-BE54-9A1E7A4F7556}") = "eShopModern.Domain", "src\eShopModern.Domain\eShopModern.Domain.csproj", "{6A1E7961-A7B7-4F8E-8C5E-2E3D6F1A8F9F}"
EndProject
Project("{9A19103F-16F7-4668-BE54-9A1E7A4F7556}") = "eShopModern.Application", "src\eShopModern.Application\eShopModern.Application.csproj", "{7A1E7961-A7B7-4F8E-8C5E-2E3D6F1A8FA0}"
EndProject
Project("{9A19103F-16F7-4668-BE54-9A1E7A4F7556}") = "eShopModern.Infrastructure", "src\eShopModern.Infrastructure\eShopModern.Infrastructure.csproj", "{8A1E7961-A7B7-4F8E-8C5E-2E3D6F1A8FA1}"
EndProject
Project("{9A19103F-16F7-4668-BE54-9A1E7A4F7556}") = "eShopModern.Web", "src\eShopModern.Web\eShopModern.Web.csproj", "{9A1E7961-A7B7-4F8E-8C5E-2E3D6F1A8FA2}"
EndProject
Project("{9A19103F-16F7-4668-BE54-9A1E7A4F7556}") = "eShopModern.UnitTests", "tests\eShopModern.UnitTests\eShopModern.UnitTests.csproj", "{AA1E7961-A7B7-4F8E-8C5E-2E3D6F1A8FA3}"
EndProject
Project("{9A19103F-16F7-4668-BE54-9A1E7A4F7556}") = "eShopModern.IntegrationTests", "tests\eShopModern.IntegrationTests\eShopModern.IntegrationTests.csproj", "{BA1E7961-A7B7-4F8E-8C5E-2E3D6F1A8FA4}"
EndProject
Global
	GlobalSection(SolutionConfigurationPlatforms) = preSolution
		Debug|Any CPU = Debug|Any CPU
		Release|Any CPU = Release|Any CPU
	EndGlobalSection
	GlobalSection(ProjectConfigurationPlatforms) = postSolution
		{6A1E7961-A7B7-4F8E-8C5E-2E3D6F1A8F9F}.Debug|Any CPU.ActiveCfg = Debug|Any CPU
		{6A1E7961-A7B7-4F8E-8C5E-2E3D6F1A8F9F}.Debug|Any CPU.Build.0 = Debug|Any CPU
		{6A1E7961-A7B7-4F8E-8C5E-2E3D6F1A8F9F}.Release|Any CPU.ActiveCfg = Release|Any CPU
		{6A1E7961-A7B7-4F8E-8C5E-2E3D6F1A8F9F}.Release|Any CPU.Build.0 = Release|Any CPU
		{7A1E7961-A7B7-4F8E-8C5E-2E3D6F1A8FA0}.Debug|Any CPU.ActiveCfg = Debug|Any CPU
		{7A1E7961-A7B7-4F8E-8C5E-2E3D6F1A8FA0}.Debug|Any CPU.Build.0 = Debug|Any CPU
		{7A1E7961-A7B7-4F8E-8C5E-2E3D6F1A8FA0}.Release|Any CPU.ActiveCfg = Release|Any CPU
		{7A1E7961-A7B7-4F8E-8C5E-2E3D6F1A8FA0}.Release|Any CPU.Build.0 = Release|Any CPU
		{8A1E7961-A7B7-4F8E-8C5E-2E3D6F1A8FA1}.Debug|Any CPU.ActiveCfg = Debug|Any CPU
		{8A1E7961-A7B7-4F8E-8C5E-2E3D6F1A8FA1}.Debug|Any CPU.Build.0 = Debug|Any CPU
		{8A1E7961-A7B7-4F8E-8C5E-2E3D6F1A8FA1}.Release|Any CPU.ActiveCfg = Release|Any CPU
		{8A1E7961-A7B7-4F8E-8C5E-2E3D6F1A8FA1}.Release|Any CPU.Build.0 = Release|Any CPU
		{9A1E7961-A7B7-4F8E-8C5E-2E3D6F1A8FA2}.Debug|Any CPU.ActiveCfg = Debug|Any CPU
		{9A1E7961-A7B7-4F8E-8C5E-2E3D6F1A8FA2}.Debug|Any CPU.Build.0 = Debug|Any CPU
		{9A1E7961-A7B7-4F8E-8C5E-2E3D6F1A8FA2}.Release|Any CPU.ActiveCfg = Release|Any CPU
		{9A1E7961-A7B7-4F8E-8C5E-2E3D6F1A8FA2}.Release|Any CPU.Build.0 = Release|Any CPU
		{AA1E7961-A7B7-4F8E-8C5E-2E3D6F1A8FA3}.Debug|Any CPU.ActiveCfg = Debug|Any CPU
		{AA1E7961-A7B7-4F8E-8C5E-2E3D6F1A8FA3}.Debug|Any CPU.Build.0 = Debug|Any CPU
		{AA1E7961-A7B7-4F8E-8C5E-2E3D6F1A8FA3}.Release|Any CPU.ActiveCfg = Release|Any CPU
		{AA1E7961-A7B7-4F8E-8C5E-2E3D6F1A8FA3}.Release|Any CPU.Build.0 = Release|Any CPU
		{BA1E7961-A7B7-4F8E-8C5E-2E3D6F1A8FA4}.Debug|Any CPU.ActiveCfg = Debug|Any CPU
		{BA1E7961-A7B7-4F8E-8C5E-2E3D6F1A8FA4}.Debug|Any CPU.Build.0 = Debug|Any CPU
		{BA1E7961-A7B7-4F8E-8C5E-2E3D6F1A8FA4}.Release|Any CPU.ActiveCfg = Release|Any CPU
		{BA1E7961-A7B7-4F8E-8C5E-2E3D6F1A8FA4}.Release|Any CPU.Build.0 = Release|Any CPU
	EndGlobalSection
	GlobalSection(SolutionProperties) = preSolution
		HideSolutionNode = FALSE
	EndGlobalSection
	GlobalSection(NestedProjects) = preSolution
		{6A1E7961-A7B7-4F8E-8C5E-2E3D6F1A8F9F} = {4A1E7961-A7B7-4F8E-8C5E-2E3D6F1A8F9D}
		{7A1E7961-A7B7-4F8E-8C5E-2E3D6F1A8FA0} = {4A1E7961-A7B7-4F8E-8C5E-2E3D6F1A8F9D}
		{8A1E7961-A7B7-4F8E-8C5E-2E3D6F1A8FA1} = {4A1E7961-A7B7-4F8E-8C5E-2E3D6F1A8F9D}
		{9A1E7961-A7B7-4F8E-8C5E-2E3D6F1A8FA2} = {4A1E7961-A7B7-4F8E-8C5E-2E3D6F1A8F9D}
		{AA1E7961-A7B7-4F8E-8C5E-2E3D6F1A8FA3} = {4B1E7961-A7B7-4F8E-8C5E-2E3D6F1A8F9E}
		{BA1E7961-A7B7-4F8E-8C5E-2E3D6F1A8FA4} = {4B1E7961-A7B7-4F8E-8C5E-2E3D6F1A8F9E}
	EndGlobalSection
	GlobalSection(ExtensibilityGlobals) = postSolution
		SolutionGuid = {CA1E7961-A7B7-4F8E-8C5E-2E3D6F1A8FA5}
	EndGlobalSection
EndGlobal