
Microsoft Visual Studio Solution File, Format Version 12.00
# Visual Studio Version 17
VisualStudioVersion = 17.0.31903.59
MinimumVisualStudioVersion = 10.0.40219.1
Project("{FAE04EC0-301F-11D3-BF4B-00C04F79EFBC}") = "eShopOnWeb.Domain", "src\eShopOnWeb.Domain\eShopOnWeb.Domain.csproj", "{A1234567-1234-1234-1234-123456789001}"
EndProject
Project("{FAE04EC0-301F-11D3-BF4B-00C04F79EFBC}") = "eShopOnWeb.Application", "src\eShopOnWeb.Application\eShopOnWeb.Application.csproj", "{A1234567-1234-1234-1234-123456789002}"
EndProject
Project("{FAE04EC0-301F-11D3-BF4B-00C04F79EFBC}") = "eShopOnWeb.Infrastructure", "src\eShopOnWeb.Infrastructure\eShopOnWeb.Infrastructure.csproj", "{A1234567-1234-1234-1234-123456789003}"
EndProject
Project("{FAE04EC0-301F-11D3-BF4B-00C04F79EFBC}") = "eShopOnWeb.Web", "src\eShopOnWeb.Web\eShopOnWeb.Web.csproj", "{A1234567-1234-1234-1234-123456789004}"
EndProject
Project("{2150E333-8FDC-42A3-9474-1A3956D46DE8}") = "src", "src", "{C5662AE9-C2DB-4137-AAD6-1CC805B713B3}"
EndProject
Project("{FAE04EC0-301F-11D3-BF4B-00C04F79EFBC}") = "eShopOnWeb.Domain.Contracts", "src\eShopOnWeb.Domain.Contracts\eShopOnWeb.Domain.Contracts.csproj", "{4BFD9893-3F69-40EF-8B25-3E9708FEDA73}"
EndProject
Global
	GlobalSection(SolutionConfigurationPlatforms) = preSolution
		Debug|Any CPU = Debug|Any CPU
		Release|Any CPU = Release|Any CPU
	EndGlobalSection
	GlobalSection(ProjectConfigurationPlatforms) = postSolution
		{A1234567-1234-1234-1234-123456789001}.Debug|Any CPU.ActiveCfg = Debug|Any CPU
		{A1234567-1234-1234-1234-123456789001}.Debug|Any CPU.Build.0 = Debug|Any CPU
		{A1234567-1234-1234-1234-123456789001}.Release|Any CPU.ActiveCfg = Release|Any CPU
		{A1234567-1234-1234-1234-123456789001}.Release|Any CPU.Build.0 = Release|Any CPU
		{A1234567-1234-1234-1234-123456789002}.Debug|Any CPU.ActiveCfg = Debug|Any CPU
		{A1234567-1234-1234-1234-123456789002}.Debug|Any CPU.Build.0 = Debug|Any CPU
		{A1234567-1234-1234-1234-123456789002}.Release|Any CPU.ActiveCfg = Release|Any CPU
		{A1234567-1234-1234-1234-123456789002}.Release|Any CPU.Build.0 = Release|Any CPU
		{A1234567-1234-1234-1234-123456789003}.Debug|Any CPU.ActiveCfg = Debug|Any CPU
		{A1234567-1234-1234-1234-123456789003}.Debug|Any CPU.Build.0 = Debug|Any CPU
		{A1234567-1234-1234-1234-123456789003}.Release|Any CPU.ActiveCfg = Release|Any CPU
		{A1234567-1234-1234-1234-123456789003}.Release|Any CPU.Build.0 = Release|Any CPU
		{A1234567-1234-1234-1234-123456789004}.Debug|Any CPU.ActiveCfg = Debug|Any CPU
		{A1234567-1234-1234-1234-123456789004}.Debug|Any CPU.Build.0 = Debug|Any CPU
		{A1234567-1234-1234-1234-123456789004}.Release|Any CPU.ActiveCfg = Release|Any CPU
		{A1234567-1234-1234-1234-123456789004}.Release|Any CPU.Build.0 = Release|Any CPU
		{4BFD9893-3F69-40EF-8B25-3E9708FEDA73}.Debug|Any CPU.ActiveCfg = Debug|Any CPU
		{4BFD9893-3F69-40EF-8B25-3E9708FEDA73}.Debug|Any CPU.Build.0 = Debug|Any CPU
		{4BFD9893-3F69-40EF-8B25-3E9708FEDA73}.Release|Any CPU.ActiveCfg = Release|Any CPU
		{4BFD9893-3F69-40EF-8B25-3E9708FEDA73}.Release|Any CPU.Build.0 = Release|Any CPU
	EndGlobalSection
	GlobalSection(SolutionProperties) = preSolution
		HideSolutionNode = FALSE
	EndGlobalSection
	GlobalSection(NestedProjects) = preSolution
		{4BFD9893-3F69-40EF-8B25-3E9708FEDA73} = {C5662AE9-C2DB-4137-AAD6-1CC805B713B3}
	EndGlobalSection
EndGlobal
